
Microsoft Visual Studio Solution File, Format Version 12.00
# Visual Studio Version 16
VisualStudioVersion = 16.0.31729.503
MinimumVisualStudioVersion = 10.0.40219.1
Project("{FAE04EC0-301F-11D3-BF4B-00C04F79EFBC}") = "UniFindr_V2.UWP", "UniFindr_V2\UniFindr_V2.UWP\UniFindr_V2.UWP.csproj", "{71DE2E2E-559A-43B3-A63E-45D5AA46B98F}"
EndProject
Project("{FAE04EC0-301F-11D3-BF4B-00C04F79EFBC}") = "UniFindr_V2.Android", "UniFindr_V2\UniFindr_V2.Android\UniFindr_V2.Android.csproj", "{17E5D21F-D9CB-4593-95B1-982A8C74DACB}"
EndProject
Project("{9A19103F-16F7-4668-BE54-9A1E7A4F7556}") = "UniFindr_V2", "UniFindr_V2\UniFindr_V2\UniFindr_V2.csproj", "{6ADB6A79-F82C-4BFA-82EE-A1B2C1EAE2E1}"
EndProject
Project("{FAE04EC0-301F-11D3-BF4B-00C04F79EFBC}") = "UniFindr_Test", "UniFindr_Test\UniFindr_Test.csproj", "{28FF0B12-CCEC-4318-81B0-CBE50C405F97}"
EndProject
Global
	GlobalSection(SolutionConfigurationPlatforms) = preSolution
		Debug|Any CPU = Debug|Any CPU
		Debug|ARM = Debug|ARM
		Debug|x64 = Debug|x64
		Debug|x86 = Debug|x86
		Release|Any CPU = Release|Any CPU
		Release|ARM = Release|ARM
		Release|x64 = Release|x64
		Release|x86 = Release|x86
	EndGlobalSection
	GlobalSection(ProjectConfigurationPlatforms) = postSolution
		{71DE2E2E-559A-43B3-A63E-45D5AA46B98F}.Debug|Any CPU.ActiveCfg = Debug|x86
		{71DE2E2E-559A-43B3-A63E-45D5AA46B98F}.Debug|Any CPU.Build.0 = Debug|x86
		{71DE2E2E-559A-43B3-A63E-45D5AA46B98F}.Debug|Any CPU.Deploy.0 = Debug|x86
		{71DE2E2E-559A-43B3-A63E-45D5AA46B98F}.Debug|ARM.ActiveCfg = Debug|ARM
		{71DE2E2E-559A-43B3-A63E-45D5AA46B98F}.Debug|ARM.Build.0 = Debug|ARM
		{71DE2E2E-559A-43B3-A63E-45D5AA46B98F}.Debug|ARM.Deploy.0 = Debug|ARM
		{71DE2E2E-559A-43B3-A63E-45D5AA46B98F}.Debug|x64.ActiveCfg = Debug|x64
		{71DE2E2E-559A-43B3-A63E-45D5AA46B98F}.Debug|x64.Build.0 = Debug|x64
		{71DE2E2E-559A-43B3-A63E-45D5AA46B98F}.Debug|x64.Deploy.0 = Debug|x64
		{71DE2E2E-559A-43B3-A63E-45D5AA46B98F}.Debug|x86.ActiveCfg = Debug|x86
		{71DE2E2E-559A-43B3-A63E-45D5AA46B98F}.Debug|x86.Build.0 = Debug|x86
		{71DE2E2E-559A-43B3-A63E-45D5AA46B98F}.Debug|x86.Deploy.0 = Debug|x86
		{71DE2E2E-559A-43B3-A63E-45D5AA46B98F}.Release|Any CPU.ActiveCfg = Release|x86
		{71DE2E2E-559A-43B3-A63E-45D5AA46B98F}.Release|Any CPU.Build.0 = Release|x86
		{71DE2E2E-559A-43B3-A63E-45D5AA46B98F}.Release|Any CPU.Deploy.0 = Release|x86
		{71DE2E2E-559A-43B3-A63E-45D5AA46B98F}.Release|ARM.ActiveCfg = Release|ARM
		{71DE2E2E-559A-43B3-A63E-45D5AA46B98F}.Release|ARM.Build.0 = Release|ARM
		{71DE2E2E-559A-43B3-A63E-45D5AA46B98F}.Release|ARM.Deploy.0 = Release|ARM
		{71DE2E2E-559A-43B3-A63E-45D5AA46B98F}.Release|x64.ActiveCfg = Release|x64
		{71DE2E2E-559A-43B3-A63E-45D5AA46B98F}.Release|x64.Build.0 = Release|x64
		{71DE2E2E-559A-43B3-A63E-45D5AA46B98F}.Release|x64.Deploy.0 = Release|x64
		{71DE2E2E-559A-43B3-A63E-45D5AA46B98F}.Release|x86.ActiveCfg = Release|x86
		{71DE2E2E-559A-43B3-A63E-45D5AA46B98F}.Release|x86.Build.0 = Release|x86
		{71DE2E2E-559A-43B3-A63E-45D5AA46B98F}.Release|x86.Deploy.0 = Release|x86
		{17E5D21F-D9CB-4593-95B1-982A8C74DACB}.Debug|Any CPU.ActiveCfg = Debug|Any CPU
		{17E5D21F-D9CB-4593-95B1-982A8C74DACB}.Debug|Any CPU.Build.0 = Debug|Any CPU
		{17E5D21F-D9CB-4593-95B1-982A8C74DACB}.Debug|Any CPU.Deploy.0 = Debug|Any CPU
		{17E5D21F-D9CB-4593-95B1-982A8C74DACB}.Debug|ARM.ActiveCfg = Debug|Any CPU
		{17E5D21F-D9CB-4593-95B1-982A8C74DACB}.Debug|ARM.Build.0 = Debug|Any CPU
		{17E5D21F-D9CB-4593-95B1-982A8C74DACB}.Debug|ARM.Deploy.0 = Debug|Any CPU
		{17E5D21F-D9CB-4593-95B1-982A8C74DACB}.Debug|x64.ActiveCfg = Debug|Any CPU
		{17E5D21F-D9CB-4593-95B1-982A8C74DACB}.Debug|x64.Build.0 = Debug|Any CPU
		{17E5D21F-D9CB-4593-95B1-982A8C74DACB}.Debug|x64.Deploy.0 = Debug|Any CPU
		{17E5D21F-D9CB-4593-95B1-982A8C74DACB}.Debug|x86.ActiveCfg = Debug|Any CPU
		{17E5D21F-D9CB-4593-95B1-982A8C74DACB}.Debug|x86.Build.0 = Debug|Any CPU
		{17E5D21F-D9CB-4593-95B1-982A8C74DACB}.Debug|x86.Deploy.0 = Debug|Any CPU
		{17E5D21F-D9CB-4593-95B1-982A8C74DACB}.Release|Any CPU.ActiveCfg = Release|Any CPU
		{17E5D21F-D9CB-4593-95B1-982A8C74DACB}.Release|Any CPU.Build.0 = Release|Any CPU
		{17E5D21F-D9CB-4593-95B1-982A8C74DACB}.Release|Any CPU.Deploy.0 = Release|Any CPU
		{17E5D21F-D9CB-4593-95B1-982A8C74DACB}.Release|ARM.ActiveCfg = Release|Any CPU
		{17E5D21F-D9CB-4593-95B1-982A8C74DACB}.Release|ARM.Build.0 = Release|Any CPU
		{17E5D21F-D9CB-4593-95B1-982A8C74DACB}.Release|ARM.Deploy.0 = Release|Any CPU
		{17E5D21F-D9CB-4593-95B1-982A8C74DACB}.Release|x64.ActiveCfg = Release|Any CPU
		{17E5D21F-D9CB-4593-95B1-982A8C74DACB}.Release|x64.Build.0 = Release|Any CPU
		{17E5D21F-D9CB-4593-95B1-982A8C74DACB}.Release|x64.Deploy.0 = Release|Any CPU
		{17E5D21F-D9CB-4593-95B1-982A8C74DACB}.Release|x86.ActiveCfg = Release|Any CPU
		{17E5D21F-D9CB-4593-95B1-982A8C74DACB}.Release|x86.Build.0 = Release|Any CPU
		{17E5D21F-D9CB-4593-95B1-982A8C74DACB}.Release|x86.Deploy.0 = Release|Any CPU
		{6ADB6A79-F82C-4BFA-82EE-A1B2C1EAE2E1}.Debug|Any CPU.ActiveCfg = Debug|Any CPU
		{6ADB6A79-F82C-4BFA-82EE-A1B2C1EAE2E1}.Debug|Any CPU.Build.0 = Debug|Any CPU
		{6ADB6A79-F82C-4BFA-82EE-A1B2C1EAE2E1}.Debug|Any CPU.Deploy.0 = Debug|Any CPU
		{6ADB6A79-F82C-4BFA-82EE-A1B2C1EAE2E1}.Debug|ARM.ActiveCfg = Debug|Any CPU
		{6ADB6A79-F82C-4BFA-82EE-A1B2C1EAE2E1}.Debug|ARM.Build.0 = Debug|Any CPU
		{6ADB6A79-F82C-4BFA-82EE-A1B2C1EAE2E1}.Debug|ARM.Deploy.0 = Debug|Any CPU
		{6ADB6A79-F82C-4BFA-82EE-A1B2C1EAE2E1}.Debug|x64.ActiveCfg = Debug|Any CPU
		{6ADB6A79-F82C-4BFA-82EE-A1B2C1EAE2E1}.Debug|x64.Build.0 = Debug|Any CPU
		{6ADB6A79-F82C-4BFA-82EE-A1B2C1EAE2E1}.Debug|x64.Deploy.0 = Debug|Any CPU
		{6ADB6A79-F82C-4BFA-82EE-A1B2C1EAE2E1}.Debug|x86.ActiveCfg = Debug|Any CPU
		{6ADB6A79-F82C-4BFA-82EE-A1B2C1EAE2E1}.Debug|x86.Build.0 = Debug|Any CPU
		{6ADB6A79-F82C-4BFA-82EE-A1B2C1EAE2E1}.Debug|x86.Deploy.0 = Debug|Any CPU
		{6ADB6A79-F82C-4BFA-82EE-A1B2C1EAE2E1}.Release|Any CPU.ActiveCfg = Release|Any CPU
		{6ADB6A79-F82C-4BFA-82EE-A1B2C1EAE2E1}.Release|Any CPU.Build.0 = Release|Any CPU
		{6ADB6A79-F82C-4BFA-82EE-A1B2C1EAE2E1}.Release|Any CPU.Deploy.0 = Release|Any CPU
		{6ADB6A79-F82C-4BFA-82EE-A1B2C1EAE2E1}.Release|ARM.ActiveCfg = Release|Any CPU
		{6ADB6A79-F82C-4BFA-82EE-A1B2C1EAE2E1}.Release|ARM.Build.0 = Release|Any CPU
		{6ADB6A79-F82C-4BFA-82EE-A1B2C1EAE2E1}.Release|ARM.Deploy.0 = Release|Any CPU
		{6ADB6A79-F82C-4BFA-82EE-A1B2C1EAE2E1}.Release|x64.ActiveCfg = Release|Any CPU
		{6ADB6A79-F82C-4BFA-82EE-A1B2C1EAE2E1}.Release|x64.Build.0 = Release|Any CPU
		{6ADB6A79-F82C-4BFA-82EE-A1B2C1EAE2E1}.Release|x64.Deploy.0 = Release|Any CPU
		{6ADB6A79-F82C-4BFA-82EE-A1B2C1EAE2E1}.Release|x86.ActiveCfg = Release|Any CPU
		{6ADB6A79-F82C-4BFA-82EE-A1B2C1EAE2E1}.Release|x86.Build.0 = Release|Any CPU
		{6ADB6A79-F82C-4BFA-82EE-A1B2C1EAE2E1}.Release|x86.Deploy.0 = Release|Any CPU
		{28FF0B12-CCEC-4318-81B0-CBE50C405F97}.Debug|Any CPU.ActiveCfg = Debug|Any CPU
		{28FF0B12-CCEC-4318-81B0-CBE50C405F97}.Debug|Any CPU.Build.0 = Debug|Any CPU
		{28FF0B12-CCEC-4318-81B0-CBE50C405F97}.Debug|ARM.ActiveCfg = Debug|Any CPU
		{28FF0B12-CCEC-4318-81B0-CBE50C405F97}.Debug|ARM.Build.0 = Debug|Any CPU
		{28FF0B12-CCEC-4318-81B0-CBE50C405F97}.Debug|x64.ActiveCfg = Debug|Any CPU
		{28FF0B12-CCEC-4318-81B0-CBE50C405F97}.Debug|x64.Build.0 = Debug|Any CPU
		{28FF0B12-CCEC-4318-81B0-CBE50C405F97}.Debug|x86.ActiveCfg = Debug|Any CPU
		{28FF0B12-CCEC-4318-81B0-CBE50C405F97}.Debug|x86.Build.0 = Debug|Any CPU
		{28FF0B12-CCEC-4318-81B0-CBE50C405F97}.Release|Any CPU.ActiveCfg = Release|Any CPU
		{28FF0B12-CCEC-4318-81B0-CBE50C405F97}.Release|Any CPU.Build.0 = Release|Any CPU
		{28FF0B12-CCEC-4318-81B0-CBE50C405F97}.Release|ARM.ActiveCfg = Release|Any CPU
		{28FF0B12-CCEC-4318-81B0-CBE50C405F97}.Release|ARM.Build.0 = Release|Any CPU
		{28FF0B12-CCEC-4318-81B0-CBE50C405F97}.Release|x64.ActiveCfg = Release|Any CPU
		{28FF0B12-CCEC-4318-81B0-CBE50C405F97}.Release|x64.Build.0 = Release|Any CPU
		{28FF0B12-CCEC-4318-81B0-CBE50C405F97}.Release|x86.ActiveCfg = Release|Any CPU
		{28FF0B12-CCEC-4318-81B0-CBE50C405F97}.Release|x86.Build.0 = Release|Any CPU
	EndGlobalSection
	GlobalSection(SolutionProperties) = preSolution
		HideSolutionNode = FALSE
	EndGlobalSection
	GlobalSection(ExtensibilityGlobals) = postSolution
		SolutionGuid = {5E09AC4C-816B-494D-A873-0CA902EC67F7}
	EndGlobalSection
EndGlobal
